// !$*UTF8*$!
{
	archiveVersion = 1;
	classes = {
	};
	objectVersion = 55;
	objects = {

/* Begin PBXBuildFile section */
		72297E7628F89014001B3F9E /* Lottie in Frameworks */ = {isa = PBXBuildFile; productRef = 72297E7528F89014001B3F9E /* Lottie */; };
		72297E7828F89046001B3F9E /* CityViewViewModel.swift in Sources */ = {isa = PBXBuildFile; fileRef = 72297E7728F89046001B3F9E /* CityViewViewModel.swift */; };
		72AF8DE629118FA900C30A59 /* API.swift in Sources */ = {isa = PBXBuildFile; fileRef = 72AF8DE529118FA900C30A59 /* API.swift */; };
		72AF8DE8291190FB00C30A59 /* API+Extension.swift in Sources */ = {isa = PBXBuildFile; fileRef = 72AF8DE7291190FB00C30A59 /* API+Extension.swift */; };
		72C2DAD528FDCA3400A68A05 /* nightScatterClouds.json in Resources */ = {isa = PBXBuildFile; fileRef = 72C2DAC528FDCA3200A68A05 /* nightScatterClouds.json */; };
		72C2DAD628FDCA3400A68A05 /* nightBrokenClouds.json in Resources */ = {isa = PBXBuildFile; fileRef = 72C2DAC628FDCA3200A68A05 /* nightBrokenClouds.json */; };
		72C2DAD728FDCA3400A68A05 /* dayMist.json in Resources */ = {isa = PBXBuildFile; fileRef = 72C2DAC728FDCA3200A68A05 /* dayMist.json */; };
		72C2DAD828FDCA3400A68A05 /* daySnow.json in Resources */ = {isa = PBXBuildFile; fileRef = 72C2DAC828FDCA3200A68A05 /* daySnow.json */; };
		72C2DAD928FDCA3400A68A05 /* nightMist.json in Resources */ = {isa = PBXBuildFile; fileRef = 72C2DAC928FDCA3200A68A05 /* nightMist.json */; };
		72C2DADA28FDCA3400A68A05 /* nightFewClouds.json in Resources */ = {isa = PBXBuildFile; fileRef = 72C2DACA28FDCA3300A68A05 /* nightFewClouds.json */; };
		72C2DADB28FDCA3400A68A05 /* dayShowerRains.json in Resources */ = {isa = PBXBuildFile; fileRef = 72C2DACB28FDCA3300A68A05 /* dayShowerRains.json */; };
		72C2DADC28FDCA3400A68A05 /* nightSnow.json in Resources */ = {isa = PBXBuildFile; fileRef = 72C2DACC28FDCA3300A68A05 /* nightSnow.json */; };
		72C2DADD28FDCA3400A68A05 /* nightRain.json in Resources */ = {isa = PBXBuildFile; fileRef = 72C2DACD28FDCA3300A68A05 /* nightRain.json */; };
		72C2DADE28FDCA3400A68A05 /* dayThunderstorm.json in Resources */ = {isa = PBXBuildFile; fileRef = 72C2DACE28FDCA3300A68A05 /* dayThunderstorm.json */; };
		72C2DADF28FDCA3400A68A05 /* nightThunderstorm.json in Resources */ = {isa = PBXBuildFile; fileRef = 72C2DACF28FDCA3300A68A05 /* nightThunderstorm.json */; };
		72C2DAE028FDCA3400A68A05 /* dayRain.json in Resources */ = {isa = PBXBuildFile; fileRef = 72C2DAD028FDCA3300A68A05 /* dayRain.json */; };
		72C2DAE128FDCA3400A68A05 /* dayScatterClouds.json in Resources */ = {isa = PBXBuildFile; fileRef = 72C2DAD128FDCA3300A68A05 /* dayScatterClouds.json */; };
		72C2DAE228FDCA3400A68A05 /* dayClearSky.json in Resources */ = {isa = PBXBuildFile; fileRef = 72C2DAD228FDCA3400A68A05 /* dayClearSky.json */; };
		72C2DAE328FDCA3400A68A05 /* nighShowerRains.json in Resources */ = {isa = PBXBuildFile; fileRef = 72C2DAD328FDCA3400A68A05 /* nighShowerRains.json */; };
		72C2DAE428FDCA3400A68A05 /* nightClearSky.json in Resources */ = {isa = PBXBuildFile; fileRef = 72C2DAD428FDCA3400A68A05 /* nightClearSky.json */; };
		72C2DAE628FDCC1600A68A05 /* LottieView.swift in Sources */ = {isa = PBXBuildFile; fileRef = 72C2DAE528FDCC1600A68A05 /* LottieView.swift */; };
		72CEC43728CFB455006C3A63 /* HourlyWeatherView.swift in Sources */ = {isa = PBXBuildFile; fileRef = 72CEC43628CFB455006C3A63 /* HourlyWeatherView.swift */; };
		72CEC43928CFBFC3006C3A63 /* DailyWeatherView.swift in Sources */ = {isa = PBXBuildFile; fileRef = 72CEC43828CFBFC3006C3A63 /* DailyWeatherView.swift */; };
		72CEC43B28CFC286006C3A63 /* CityView.swift in Sources */ = {isa = PBXBuildFile; fileRef = 72CEC43A28CFC286006C3A63 /* CityView.swift */; };
		72E6B47228CA67BF00FA35A8 /* WeatherForecastingApp.swift in Sources */ = {isa = PBXBuildFile; fileRef = 72E6B47128CA67BF00FA35A8 /* WeatherForecastingApp.swift */; };
		72E6B47428CA67BF00FA35A8 /* ContentView.swift in Sources */ = {isa = PBXBuildFile; fileRef = 72E6B47328CA67BF00FA35A8 /* ContentView.swift */; };
		72E6B47628CA67C100FA35A8 /* Assets.xcassets in Resources */ = {isa = PBXBuildFile; fileRef = 72E6B47528CA67C100FA35A8 /* Assets.xcassets */; };
		72E6B47928CA67C100FA35A8 /* Preview Assets.xcassets in Resources */ = {isa = PBXBuildFile; fileRef = 72E6B47828CA67C100FA35A8 /* Preview Assets.xcassets */; };
		72E6B48328CA694A00FA35A8 /* MenuHeaderView.swift in Sources */ = {isa = PBXBuildFile; fileRef = 72E6B48228CA694A00FA35A8 /* MenuHeaderView.swift */; };
		72E6B48528CA76D500FA35A8 /* CityNameView.swift in Sources */ = {isa = PBXBuildFile; fileRef = 72E6B48428CA76D500FA35A8 /* CityNameView.swift */; };
		72E6B48728CA7A6300FA35A8 /* TodayWeatherView.swift in Sources */ = {isa = PBXBuildFile; fileRef = 72E6B48628CA7A6300FA35A8 /* TodayWeatherView.swift */; };
/* End PBXBuildFile section */

/* Begin PBXFileReference section */
		72297E7728F89046001B3F9E /* CityViewViewModel.swift */ = {isa = PBXFileReference; lastKnownFileType = sourcecode.swift; path = CityViewViewModel.swift; sourceTree = "<group>"; };
		72AF8DE529118FA900C30A59 /* API.swift */ = {isa = PBXFileReference; lastKnownFileType = sourcecode.swift; path = API.swift; sourceTree = "<group>"; };
		72AF8DE7291190FB00C30A59 /* API+Extension.swift */ = {isa = PBXFileReference; lastKnownFileType = sourcecode.swift; path = "API+Extension.swift"; sourceTree = "<group>"; };
		72C2DAC528FDCA3200A68A05 /* nightScatterClouds.json */ = {isa = PBXFileReference; fileEncoding = 4; lastKnownFileType = text.json; path = nightScatterClouds.json; sourceTree = "<group>"; };
		72C2DAC628FDCA3200A68A05 /* nightBrokenClouds.json */ = {isa = PBXFileReference; fileEncoding = 4; lastKnownFileType = text.json; path = nightBrokenClouds.json; sourceTree = "<group>"; };
		72C2DAC728FDCA3200A68A05 /* dayMist.json */ = {isa = PBXFileReference; fileEncoding = 4; lastKnownFileType = text.json; path = dayMist.json; sourceTree = "<group>"; };
		72C2DAC828FDCA3200A68A05 /* daySnow.json */ = {isa = PBXFileReference; fileEncoding = 4; lastKnownFileType = text.json; path = daySnow.json; sourceTree = "<group>"; };
		72C2DAC928FDCA3200A68A05 /* nightMist.json */ = {isa = PBXFileReference; fileEncoding = 4; lastKnownFileType = text.json; path = nightMist.json; sourceTree = "<group>"; };
		72C2DACA28FDCA3300A68A05 /* nightFewClouds.json */ = {isa = PBXFileReference; fileEncoding = 4; lastKnownFileType = text.json; path = nightFewClouds.json; sourceTree = "<group>"; };
		72C2DACB28FDCA3300A68A05 /* dayShowerRains.json */ = {isa = PBXFileReference; fileEncoding = 4; lastKnownFileType = text.json; path = dayShowerRains.json; sourceTree = "<group>"; };
		72C2DACC28FDCA3300A68A05 /* nightSnow.json */ = {isa = PBXFileReference; fileEncoding = 4; lastKnownFileType = text.json; path = nightSnow.json; sourceTree = "<group>"; };
		72C2DACD28FDCA3300A68A05 /* nightRain.json */ = {isa = PBXFileReference; fileEncoding = 4; lastKnownFileType = text.json; path = nightRain.json; sourceTree = "<group>"; };
		72C2DACE28FDCA3300A68A05 /* dayThunderstorm.json */ = {isa = PBXFileReference; fileEncoding = 4; lastKnownFileType = text.json; path = dayThunderstorm.json; sourceTree = "<group>"; };
		72C2DACF28FDCA3300A68A05 /* nightThunderstorm.json */ = {isa = PBXFileReference; fileEncoding = 4; lastKnownFileType = text.json; path = nightThunderstorm.json; sourceTree = "<group>"; };
		72C2DAD028FDCA3300A68A05 /* dayRain.json */ = {isa = PBXFileReference; fileEncoding = 4; lastKnownFileType = text.json; path = dayRain.json; sourceTree = "<group>"; };
		72C2DAD128FDCA3300A68A05 /* dayScatterClouds.json */ = {isa = PBXFileReference; fileEncoding = 4; lastKnownFileType = text.json; path = dayScatterClouds.json; sourceTree = "<group>"; };
		72C2DAD228FDCA3400A68A05 /* dayClearSky.json */ = {isa = PBXFileReference; fileEncoding = 4; lastKnownFileType = text.json; path = dayClearSky.json; sourceTree = "<group>"; };
		72C2DAD328FDCA3400A68A05 /* nighShowerRains.json */ = {isa = PBXFileReference; fileEncoding = 4; lastKnownFileType = text.json; path = nighShowerRains.json; sourceTree = "<group>"; };
		72C2DAD428FDCA3400A68A05 /* nightClearSky.json */ = {isa = PBXFileReference; fileEncoding = 4; lastKnownFileType = text.json; path = nightClearSky.json; sourceTree = "<group>"; };
		72C2DAE528FDCC1600A68A05 /* LottieView.swift */ = {isa = PBXFileReference; lastKnownFileType = sourcecode.swift; path = LottieView.swift; sourceTree = "<group>"; };
		72CEC43628CFB455006C3A63 /* HourlyWeatherView.swift */ = {isa = PBXFileReference; lastKnownFileType = sourcecode.swift; path = HourlyWeatherView.swift; sourceTree = "<group>"; };
		72CEC43828CFBFC3006C3A63 /* DailyWeatherView.swift */ = {isa = PBXFileReference; lastKnownFileType = sourcecode.swift; path = DailyWeatherView.swift; sourceTree = "<group>"; };
		72CEC43A28CFC286006C3A63 /* CityView.swift */ = {isa = PBXFileReference; lastKnownFileType = sourcecode.swift; path = CityView.swift; sourceTree = "<group>"; };
		72E6B46E28CA67BF00FA35A8 /* WeatherForecasting.app */ = {isa = PBXFileReference; explicitFileType = wrapper.application; includeInIndex = 0; path = WeatherForecasting.app; sourceTree = BUILT_PRODUCTS_DIR; };
		72E6B47128CA67BF00FA35A8 /* WeatherForecastingApp.swift */ = {isa = PBXFileReference; lastKnownFileType = sourcecode.swift; path = WeatherForecastingApp.swift; sourceTree = "<group>"; };
		72E6B47328CA67BF00FA35A8 /* ContentView.swift */ = {isa = PBXFileReference; lastKnownFileType = sourcecode.swift; path = ContentView.swift; sourceTree = "<group>"; };
		72E6B47528CA67C100FA35A8 /* Assets.xcassets */ = {isa = PBXFileReference; lastKnownFileType = folder.assetcatalog; path = Assets.xcassets; sourceTree = "<group>"; };
		72E6B47828CA67C100FA35A8 /* Preview Assets.xcassets */ = {isa = PBXFileReference; lastKnownFileType = folder.assetcatalog; path = "Preview Assets.xcassets"; sourceTree = "<group>"; };
		72E6B48228CA694A00FA35A8 /* MenuHeaderView.swift */ = {isa = PBXFileReference; lastKnownFileType = sourcecode.swift; path = MenuHeaderView.swift; sourceTree = "<group>"; };
		72E6B48428CA76D500FA35A8 /* CityNameView.swift */ = {isa = PBXFileReference; lastKnownFileType = sourcecode.swift; path = CityNameView.swift; sourceTree = "<group>"; };
		72E6B48628CA7A6300FA35A8 /* TodayWeatherView.swift */ = {isa = PBXFileReference; lastKnownFileType = sourcecode.swift; path = TodayWeatherView.swift; sourceTree = "<group>"; };
/* End PBXFileReference section */

/* Begin PBXFrameworksBuildPhase section */
		72E6B46B28CA67BF00FA35A8 /* Frameworks */ = {
			isa = PBXFrameworksBuildPhase;
			buildActionMask = 2147483647;
			files = (
				72297E7628F89014001B3F9E /* Lottie in Frameworks */,
			);
			runOnlyForDeploymentPostprocessing = 0;
		};
/* End PBXFrameworksBuildPhase section */

/* Begin PBXGroup section */
		72297E7928F89E55001B3F9E /* LottieAnimations */ = {
			isa = PBXGroup;
			children = (
				72C2DAD228FDCA3400A68A05 /* dayClearSky.json */,
				72C2DAC728FDCA3200A68A05 /* dayMist.json */,
				72C2DAD028FDCA3300A68A05 /* dayRain.json */,
				72C2DAD128FDCA3300A68A05 /* dayScatterClouds.json */,
				72C2DACB28FDCA3300A68A05 /* dayShowerRains.json */,
				72C2DAC828FDCA3200A68A05 /* daySnow.json */,
				72C2DACE28FDCA3300A68A05 /* dayThunderstorm.json */,
				72C2DAD328FDCA3400A68A05 /* nighShowerRains.json */,
				72C2DAC628FDCA3200A68A05 /* nightBrokenClouds.json */,
				72C2DAD428FDCA3400A68A05 /* nightClearSky.json */,
				72C2DACA28FDCA3300A68A05 /* nightFewClouds.json */,
				72C2DAC928FDCA3200A68A05 /* nightMist.json */,
				72C2DACD28FDCA3300A68A05 /* nightRain.json */,
				72C2DAC528FDCA3200A68A05 /* nightScatterClouds.json */,
				72C2DACC28FDCA3300A68A05 /* nightSnow.json */,
				72C2DACF28FDCA3300A68A05 /* nightThunderstorm.json */,
			);
			path = LottieAnimations;
			sourceTree = "<group>";
		};
		72AF8DE429118F8C00C30A59 /* Networking */ = {
			isa = PBXGroup;
			children = (
				72AF8DE529118FA900C30A59 /* API.swift */,
				72AF8DE7291190FB00C30A59 /* API+Extension.swift */,
			);
			path = Networking;
			sourceTree = "<group>";
		};
		72E6B46528CA67BF00FA35A8 = {
			isa = PBXGroup;
			children = (
				72E6B47028CA67BF00FA35A8 /* WeatherForecasting */,
				72E6B46F28CA67BF00FA35A8 /* Products */,
			);
			sourceTree = "<group>";
		};
		72E6B46F28CA67BF00FA35A8 /* Products */ = {
			isa = PBXGroup;
			children = (
				72E6B46E28CA67BF00FA35A8 /* WeatherForecasting.app */,
			);
			name = Products;
			sourceTree = "<group>";
		};
		72E6B47028CA67BF00FA35A8 /* WeatherForecasting */ = {
			isa = PBXGroup;
			children = (
				72AF8DE429118F8C00C30A59 /* Networking */,
				72297E7928F89E55001B3F9E /* LottieAnimations */,
				72E6B47F28CA68F000FA35A8 /* Model */,
				72E6B48028CA690300FA35A8 /* View */,
				72E6B48128CA690E00FA35A8 /* ViewModel */,
				72E6B47128CA67BF00FA35A8 /* WeatherForecastingApp.swift */,
				72E6B47328CA67BF00FA35A8 /* ContentView.swift */,
				72E6B47528CA67C100FA35A8 /* Assets.xcassets */,
				72E6B47728CA67C100FA35A8 /* Preview Content */,
			);
			path = WeatherForecasting;
			sourceTree = "<group>";
		};
		72E6B47728CA67C100FA35A8 /* Preview Content */ = {
			isa = PBXGroup;
			children = (
				72E6B47828CA67C100FA35A8 /* Preview Assets.xcassets */,
			);
			path = "Preview Content";
			sourceTree = "<group>";
		};
		72E6B47F28CA68F000FA35A8 /* Model */ = {
			isa = PBXGroup;
			children = (
			);
			path = Model;
			sourceTree = "<group>";
		};
		72E6B48028CA690300FA35A8 /* View */ = {
			isa = PBXGroup;
			children = (
				72E6B48228CA694A00FA35A8 /* MenuHeaderView.swift */,
				72E6B48428CA76D500FA35A8 /* CityNameView.swift */,
				72E6B48628CA7A6300FA35A8 /* TodayWeatherView.swift */,
				72CEC43628CFB455006C3A63 /* HourlyWeatherView.swift */,
				72CEC43828CFBFC3006C3A63 /* DailyWeatherView.swift */,
				72CEC43A28CFC286006C3A63 /* CityView.swift */,
				72C2DAE528FDCC1600A68A05 /* LottieView.swift */,
			);
			path = View;
			sourceTree = "<group>";
		};
		72E6B48128CA690E00FA35A8 /* ViewModel */ = {
			isa = PBXGroup;
			children = (
				72297E7728F89046001B3F9E /* CityViewViewModel.swift */,
			);
			path = ViewModel;
			sourceTree = "<group>";
		};
/* End PBXGroup section */

/* Begin PBXNativeTarget section */
		72E6B46D28CA67BF00FA35A8 /* WeatherForecasting */ = {
			isa = PBXNativeTarget;
			buildConfigurationList = 72E6B47C28CA67C100FA35A8 /* Build configuration list for PBXNativeTarget "WeatherForecasting" */;
			buildPhases = (
				72E6B46A28CA67BF00FA35A8 /* Sources */,
				72E6B46B28CA67BF00FA35A8 /* Frameworks */,
				72E6B46C28CA67BF00FA35A8 /* Resources */,
			);
			buildRules = (
			);
			dependencies = (
			);
			name = WeatherForecasting;
			packageProductDependencies = (
				72297E7528F89014001B3F9E /* Lottie */,
			);
			productName = WeatherForecasting;
			productReference = 72E6B46E28CA67BF00FA35A8 /* WeatherForecasting.app */;
			productType = "com.apple.product-type.application";
		};
/* End PBXNativeTarget section */

/* Begin PBXProject section */
		72E6B46628CA67BF00FA35A8 /* Project object */ = {
			isa = PBXProject;
			attributes = {
				BuildIndependentTargetsInParallel = 1;
				LastSwiftUpdateCheck = 1340;
				LastUpgradeCheck = 1340;
				TargetAttributes = {
					72E6B46D28CA67BF00FA35A8 = {
						CreatedOnToolsVersion = 13.4.1;
					};
				};
			};
			buildConfigurationList = 72E6B46928CA67BF00FA35A8 /* Build configuration list for PBXProject "WeatherForecasting" */;
			compatibilityVersion = "Xcode 13.0";
			developmentRegion = en;
			hasScannedForEncodings = 0;
			knownRegions = (
				en,
				Base,
			);
			mainGroup = 72E6B46528CA67BF00FA35A8;
			packageReferences = (
				72297E7428F89014001B3F9E /* XCRemoteSwiftPackageReference "lottie-ios" */,
			);
			productRefGroup = 72E6B46F28CA67BF00FA35A8 /* Products */;
			projectDirPath = "";
			projectRoot = "";
			targets = (
				72E6B46D28CA67BF00FA35A8 /* WeatherForecasting */,
			);
		};
/* End PBXProject section */

/* Begin PBXResourcesBuildPhase section */
		72E6B46C28CA67BF00FA35A8 /* Resources */ = {
			isa = PBXResourcesBuildPhase;
			buildActionMask = 2147483647;
			files = (
				72C2DAE128FDCA3400A68A05 /* dayScatterClouds.json in Resources */,
				72C2DAE328FDCA3400A68A05 /* nighShowerRains.json in Resources */,
				72E6B47928CA67C100FA35A8 /* Preview Assets.xcassets in Resources */,
				72C2DADA28FDCA3400A68A05 /* nightFewClouds.json in Resources */,
				72E6B47628CA67C100FA35A8 /* Assets.xcassets in Resources */,
				72C2DAE228FDCA3400A68A05 /* dayClearSky.json in Resources */,
				72C2DAD728FDCA3400A68A05 /* dayMist.json in Resources */,
				72C2DAE028FDCA3400A68A05 /* dayRain.json in Resources */,
				72C2DAD928FDCA3400A68A05 /* nightMist.json in Resources */,
				72C2DADE28FDCA3400A68A05 /* dayThunderstorm.json in Resources */,
				72C2DADF28FDCA3400A68A05 /* nightThunderstorm.json in Resources */,
				72C2DAD828FDCA3400A68A05 /* daySnow.json in Resources */,
				72C2DADB28FDCA3400A68A05 /* dayShowerRains.json in Resources */,
				72C2DAD528FDCA3400A68A05 /* nightScatterClouds.json in Resources */,
				72C2DAE428FDCA3400A68A05 /* nightClearSky.json in Resources */,
				72C2DAD628FDCA3400A68A05 /* nightBrokenClouds.json in Resources */,
				72C2DADD28FDCA3400A68A05 /* nightRain.json in Resources */,
				72C2DADC28FDCA3400A68A05 /* nightSnow.json in Resources */,
			);
			runOnlyForDeploymentPostprocessing = 0;
		};
/* End PBXResourcesBuildPhase section */

/* Begin PBXSourcesBuildPhase section */
		72E6B46A28CA67BF00FA35A8 /* Sources */ = {
			isa = PBXSourcesBuildPhase;
			buildActionMask = 2147483647;
			files = (
				72AF8DE629118FA900C30A59 /* API.swift in Sources */,
				72E6B47428CA67BF00FA35A8 /* ContentView.swift in Sources */,
				72297E7828F89046001B3F9E /* CityViewViewModel.swift in Sources */,
				72CEC43928CFBFC3006C3A63 /* DailyWeatherView.swift in Sources */,
				72AF8DE8291190FB00C30A59 /* API+Extension.swift in Sources */,
				72E6B48728CA7A6300FA35A8 /* TodayWeatherView.swift in Sources */,
				72CEC43728CFB455006C3A63 /* HourlyWeatherView.swift in Sources */,
				72E6B47228CA67BF00FA35A8 /* WeatherForecastingApp.swift in Sources */,
				72CEC43B28CFC286006C3A63 /* CityView.swift in Sources */,
				72C2DAE628FDCC1600A68A05 /* LottieView.swift in Sources */,
				72E6B48528CA76D500FA35A8 /* CityNameView.swift in Sources */,
				72E6B48328CA694A00FA35A8 /* MenuHeaderView.swift in Sources */,
			);
			runOnlyForDeploymentPostprocessing = 0;
		};
/* End PBXSourcesBuildPhase section */

/* Begin XCBuildConfiguration section */
		72E6B47A28CA67C100FA35A8 /* Debug */ = {
			isa = XCBuildConfiguration;
			buildSettings = {
				ALWAYS_SEARCH_USER_PATHS = NO;
				CLANG_ANALYZER_NONNULL = YES;
				CLANG_ANALYZER_NUMBER_OBJECT_CONVERSION = YES_AGGRESSIVE;
				CLANG_CXX_LANGUAGE_STANDARD = "gnu++17";
				CLANG_ENABLE_MODULES = YES;
				CLANG_ENABLE_OBJC_ARC = YES;
				CLANG_ENABLE_OBJC_WEAK = YES;
				CLANG_WARN_BLOCK_CAPTURE_AUTORELEASING = YES;
				CLANG_WARN_BOOL_CONVERSION = YES;
				CLANG_WARN_COMMA = YES;
				CLANG_WARN_CONSTANT_CONVERSION = YES;
				CLANG_WARN_DEPRECATED_OBJC_IMPLEMENTATIONS = YES;
				CLANG_WARN_DIRECT_OBJC_ISA_USAGE = YES_ERROR;
				CLANG_WARN_DOCUMENTATION_COMMENTS = YES;
				CLANG_WARN_EMPTY_BODY = YES;
				CLANG_WARN_ENUM_CONVERSION = YES;
				CLANG_WARN_INFINITE_RECURSION = YES;
				CLANG_WARN_INT_CONVERSION = YES;
				CLANG_WARN_NON_LITERAL_NULL_CONVERSION = YES;
				CLANG_WARN_OBJC_IMPLICIT_RETAIN_SELF = YES;
				CLANG_WARN_OBJC_LITERAL_CONVERSION = YES;
				CLANG_WARN_OBJC_ROOT_CLASS = YES_ERROR;
				CLANG_WARN_QUOTED_INCLUDE_IN_FRAMEWORK_HEADER = YES;
				CLANG_WARN_RANGE_LOOP_ANALYSIS = YES;
				CLANG_WARN_STRICT_PROTOTYPES = YES;
				CLANG_WARN_SUSPICIOUS_MOVE = YES;
				CLANG_WARN_UNGUARDED_AVAILABILITY = YES_AGGRESSIVE;
				CLANG_WARN_UNREACHABLE_CODE = YES;
				CLANG_WARN__DUPLICATE_METHOD_MATCH = YES;
				COPY_PHASE_STRIP = NO;
				DEBUG_INFORMATION_FORMAT = dwarf;
				ENABLE_STRICT_OBJC_MSGSEND = YES;
				ENABLE_TESTABILITY = YES;
				GCC_C_LANGUAGE_STANDARD = gnu11;
				GCC_DYNAMIC_NO_PIC = NO;
				GCC_NO_COMMON_BLOCKS = YES;
				GCC_OPTIMIZATION_LEVEL = 0;
				GCC_PREPROCESSOR_DEFINITIONS = (
					"DEBUG=1",
					"$(inherited)",
				);
				GCC_WARN_64_TO_32_BIT_CONVERSION = YES;
				GCC_WARN_ABOUT_RETURN_TYPE = YES_ERROR;
				GCC_WARN_UNDECLARED_SELECTOR = YES;
				GCC_WARN_UNINITIALIZED_AUTOS = YES_AGGRESSIVE;
				GCC_WARN_UNUSED_FUNCTION = YES;
				GCC_WARN_UNUSED_VARIABLE = YES;
				IPHONEOS_DEPLOYMENT_TARGET = 15.5;
				MTL_ENABLE_DEBUG_INFO = INCLUDE_SOURCE;
				MTL_FAST_MATH = YES;
				ONLY_ACTIVE_ARCH = YES;
				SDKROOT = iphoneos;
				SWIFT_ACTIVE_COMPILATION_CONDITIONS = DEBUG;
				SWIFT_OPTIMIZATION_LEVEL = "-Onone";
			};
			name = Debug;
		};
		72E6B47B28CA67C100FA35A8 /* Release */ = {
			isa = XCBuildConfiguration;
			buildSettings = {
				ALWAYS_SEARCH_USER_PATHS = NO;
				CLANG_ANALYZER_NONNULL = YES;
				CLANG_ANALYZER_NUMBER_OBJECT_CONVERSION = YES_AGGRESSIVE;
				CLANG_CXX_LANGUAGE_STANDARD = "gnu++17";
				CLANG_ENABLE_MODULES = YES;
				CLANG_ENABLE_OBJC_ARC = YES;
				CLANG_ENABLE_OBJC_WEAK = YES;
				CLANG_WARN_BLOCK_CAPTURE_AUTORELEASING = YES;
				CLANG_WARN_BOOL_CONVERSION = YES;
				CLANG_WARN_COMMA = YES;
				CLANG_WARN_CONSTANT_CONVERSION = YES;
				CLANG_WARN_DEPRECATED_OBJC_IMPLEMENTATIONS = YES;
				CLANG_WARN_DIRECT_OBJC_ISA_USAGE = YES_ERROR;
				CLANG_WARN_DOCUMENTATION_COMMENTS = YES;
				CLANG_WARN_EMPTY_BODY = YES;
				CLANG_WARN_ENUM_CONVERSION = YES;
				CLANG_WARN_INFINITE_RECURSION = YES;
				CLANG_WARN_INT_CONVERSION = YES;
				CLANG_WARN_NON_LITERAL_NULL_CONVERSION = YES;
				CLANG_WARN_OBJC_IMPLICIT_RETAIN_SELF = YES;
				CLANG_WARN_OBJC_LITERAL_CONVERSION = YES;
				CLANG_WARN_OBJC_ROOT_CLASS = YES_ERROR;
				CLANG_WARN_QUOTED_INCLUDE_IN_FRAMEWORK_HEADER = YES;
				CLANG_WARN_RANGE_LOOP_ANALYSIS = YES;
				CLANG_WARN_STRICT_PROTOTYPES = YES;
				CLANG_WARN_SUSPICIOUS_MOVE = YES;
				CLANG_WARN_UNGUARDED_AVAILABILITY = YES_AGGRESSIVE;
				CLANG_WARN_UNREACHABLE_CODE = YES;
				CLANG_WARN__DUPLICATE_METHOD_MATCH = YES;
				COPY_PHASE_STRIP = NO;
				DEBUG_INFORMATION_FORMAT = "dwarf-with-dsym";
				ENABLE_NS_ASSERTIONS = NO;
				ENABLE_STRICT_OBJC_MSGSEND = YES;
				GCC_C_LANGUAGE_STANDARD = gnu11;
				GCC_NO_COMMON_BLOCKS = YES;
				GCC_WARN_64_TO_32_BIT_CONVERSION = YES;
				GCC_WARN_ABOUT_RETURN_TYPE = YES_ERROR;
				GCC_WARN_UNDECLARED_SELECTOR = YES;
				GCC_WARN_UNINITIALIZED_AUTOS = YES_AGGRESSIVE;
				GCC_WARN_UNUSED_FUNCTION = YES;
				GCC_WARN_UNUSED_VARIABLE = YES;
				IPHONEOS_DEPLOYMENT_TARGET = 15.5;
				MTL_ENABLE_DEBUG_INFO = NO;
				MTL_FAST_MATH = YES;
				SDKROOT = iphoneos;
				SWIFT_COMPILATION_MODE = wholemodule;
				SWIFT_OPTIMIZATION_LEVEL = "-O";
				VALIDATE_PRODUCT = YES;
			};
			name = Release;
		};
		72E6B47D28CA67C100FA35A8 /* Debug */ = {
			isa = XCBuildConfiguration;
			buildSettings = {
				ASSETCATALOG_COMPILER_APPICON_NAME = AppIcon;
				ASSETCATALOG_COMPILER_GLOBAL_ACCENT_COLOR_NAME = AccentColor;
				CODE_SIGN_STYLE = Automatic;
				CURRENT_PROJECT_VERSION = 1;
				DEVELOPMENT_ASSET_PATHS = "\"WeatherForecasting/Preview Content\"";
				DEVELOPMENT_TEAM = FB5TQ72K3A;
				ENABLE_PREVIEWS = YES;
				GENERATE_INFOPLIST_FILE = YES;
				INFOPLIST_KEY_NSLocationWhenInUseUsageDescription = "This app requires your location for weather data.";
				INFOPLIST_KEY_UIApplicationSceneManifest_Generation = YES;
				INFOPLIST_KEY_UIApplicationSupportsIndirectInputEvents = YES;
				INFOPLIST_KEY_UILaunchScreen_Generation = YES;
				INFOPLIST_KEY_UISupportedInterfaceOrientations_iPad = "UIInterfaceOrientationPortrait UIInterfaceOrientationPortraitUpsideDown UIInterfaceOrientationLandscapeLeft UIInterfaceOrientationLandscapeRight";
				INFOPLIST_KEY_UISupportedInterfaceOrientations_iPhone = "UIInterfaceOrientationPortrait UIInterfaceOrientationLandscapeLeft UIInterfaceOrientationLandscapeRight";
				LD_RUNPATH_SEARCH_PATHS = (
					"$(inherited)",
					"@executable_path/Frameworks",
				);
				MARKETING_VERSION = 1.0;
				PRODUCT_BUNDLE_IDENTIFIER = com.TulsaTech2022.WeatherForecasting;
				PRODUCT_NAME = "$(TARGET_NAME)";
				SWIFT_EMIT_LOC_STRINGS = YES;
				SWIFT_VERSION = 5.0;
				TARGETED_DEVICE_FAMILY = "1,2";
			};
			name = Debug;
		};
		72E6B47E28CA67C100FA35A8 /* Release */ = {
			isa = XCBuildConfiguration;
			buildSettings = {
				ASSETCATALOG_COMPILER_APPICON_NAME = AppIcon;
				ASSETCATALOG_COMPILER_GLOBAL_ACCENT_COLOR_NAME = AccentColor;
				CODE_SIGN_STYLE = Automatic;
				CURRENT_PROJECT_VERSION = 1;
				DEVELOPMENT_ASSET_PATHS = "\"WeatherForecasting/Preview Content\"";
				DEVELOPMENT_TEAM = FB5TQ72K3A;
				ENABLE_PREVIEWS = YES;
				GENERATE_INFOPLIST_FILE = YES;
				INFOPLIST_KEY_NSLocationWhenInUseUsageDescription = "This app requires your location for weather data.";
				INFOPLIST_KEY_UIApplicationSceneManifest_Generation = YES;
				INFOPLIST_KEY_UIApplicationSupportsIndirectInputEvents = YES;
				INFOPLIST_KEY_UILaunchScreen_Generation = YES;
				INFOPLIST_KEY_UISupportedInterfaceOrientations_iPad = "UIInterfaceOrientationPortrait UIInterfaceOrientationPortraitUpsideDown UIInterfaceOrientationLandscapeLeft UIInterfaceOrientationLandscapeRight";
				INFOPLIST_KEY_UISupportedInterfaceOrientations_iPhone = "UIInterfaceOrientationPortrait UIInterfaceOrientationLandscapeLeft UIInterfaceOrientationLandscapeRight";
				LD_RUNPATH_SEARCH_PATHS = (
					"$(inherited)",
					"@executable_path/Frameworks",
				);
				MARKETING_VERSION = 1.0;
				PRODUCT_BUNDLE_IDENTIFIER = com.TulsaTech2022.WeatherForecasting;
				PRODUCT_NAME = "$(TARGET_NAME)";
				SWIFT_EMIT_LOC_STRINGS = YES;
				SWIFT_VERSION = 5.0;
				TARGETED_DEVICE_FAMILY = "1,2";
			};
			name = Release;
		};
/* End XCBuildConfiguration section */

/* Begin XCConfigurationList section */
		72E6B46928CA67BF00FA35A8 /* Build configuration list for PBXProject "WeatherForecasting" */ = {
			isa = XCConfigurationList;
			buildConfigurations = (
				72E6B47A28CA67C100FA35A8 /* Debug */,
				72E6B47B28CA67C100FA35A8 /* Release */,
			);
			defaultConfigurationIsVisible = 0;
			defaultConfigurationName = Release;
		};
		72E6B47C28CA67C100FA35A8 /* Build configuration list for PBXNativeTarget "WeatherForecasting" */ = {
			isa = XCConfigurationList;
			buildConfigurations = (
				72E6B47D28CA67C100FA35A8 /* Debug */,
				72E6B47E28CA67C100FA35A8 /* Release */,
			);
			defaultConfigurationIsVisible = 0;
			defaultConfigurationName = Release;
		};
/* End XCConfigurationList section */

/* Begin XCRemoteSwiftPackageReference section */
		72297E7428F89014001B3F9E /* XCRemoteSwiftPackageReference "lottie-ios" */ = {
			isa = XCRemoteSwiftPackageReference;
			repositoryURL = "https://github.com/airbnb/lottie-ios";
			requirement = {
				kind = exactVersion;
				version = 3.5.0;
			};
		};
/* End XCRemoteSwiftPackageReference section */

/* Begin XCSwiftPackageProductDependency section */
		72297E7528F89014001B3F9E /* Lottie */ = {
			isa = XCSwiftPackageProductDependency;
			package = 72297E7428F89014001B3F9E /* XCRemoteSwiftPackageReference "lottie-ios" */;
			productName = Lottie;
		};
/* End XCSwiftPackageProductDependency section */
	};
	rootObject = 72E6B46628CA67BF00FA35A8 /* Project object */;
}
